// !$*UTF8*$!
{
	archiveVersion = 1;
	classes = {
	};
	objectVersion = 56;
	objects = {

/* Begin PBXBuildFile section */
		577923F62BC68ADB0046F6D4 /* LocationSearchTableViewController.swift in Sources */ = {isa = PBXBuildFile; fileRef = 577923F52BC68ADB0046F6D4 /* LocationSearchTableViewController.swift */; };
		577923FA2BC68C620046F6D4 /* City.swift in Sources */ = {isa = PBXBuildFile; fileRef = 577923F92BC68C620046F6D4 /* City.swift */; };
		57CD0D382BC868D600062082 /* city_interactive.json in Resources */ = {isa = PBXBuildFile; fileRef = 57CD0D372BC868D600062082 /* city_interactive.json */; };
		57F3B3572BC2EA96005D3935 /* AppDelegate.swift in Sources */ = {isa = PBXBuildFile; fileRef = 57F3B3562BC2EA96005D3935 /* AppDelegate.swift */; };
		57F3B3592BC2EA96005D3935 /* SceneDelegate.swift in Sources */ = {isa = PBXBuildFile; fileRef = 57F3B3582BC2EA96005D3935 /* SceneDelegate.swift */; };
		57F3B35B2BC2EA96005D3935 /* WeatherViewController.swift in Sources */ = {isa = PBXBuildFile; fileRef = 57F3B35A2BC2EA96005D3935 /* WeatherViewController.swift */; };
		57F3B35E2BC2EA96005D3935 /* Main.storyboard in Resources */ = {isa = PBXBuildFile; fileRef = 57F3B35C2BC2EA96005D3935 /* Main.storyboard */; };
		57F3B3602BC2EA9D005D3935 /* Assets.xcassets in Resources */ = {isa = PBXBuildFile; fileRef = 57F3B35F2BC2EA9D005D3935 /* Assets.xcassets */; };
		57F3B3632BC2EA9D005D3935 /* LaunchScreen.storyboard in Resources */ = {isa = PBXBuildFile; fileRef = 57F3B3612BC2EA9D005D3935 /* LaunchScreen.storyboard */; };
		57F3B36E2BC2EA9E005D3935 /* WeatherTests.swift in Sources */ = {isa = PBXBuildFile; fileRef = 57F3B36D2BC2EA9E005D3935 /* WeatherTests.swift */; };
		57F3B3782BC2EA9E005D3935 /* WeatherUITests.swift in Sources */ = {isa = PBXBuildFile; fileRef = 57F3B3772BC2EA9E005D3935 /* WeatherUITests.swift */; };
		57F3B37A2BC2EA9E005D3935 /* WeatherUITestsLaunchTests.swift in Sources */ = {isa = PBXBuildFile; fileRef = 57F3B3792BC2EA9E005D3935 /* WeatherUITestsLaunchTests.swift */; };
		57F3B3872BC2FC9B005D3935 /* WeatherData.swift in Sources */ = {isa = PBXBuildFile; fileRef = 57F3B3862BC2FC9A005D3935 /* WeatherData.swift */; };
		57F5EE8E2BC6B3850022EC3D /* FavLocationsTableViewController.swift in Sources */ = {isa = PBXBuildFile; fileRef = 57F5EE8D2BC6B3850022EC3D /* FavLocationsTableViewController.swift */; };
/* End PBXBuildFile section */

/* Begin PBXContainerItemProxy section */
		57F3B36A2BC2EA9E005D3935 /* PBXContainerItemProxy */ = {
			isa = PBXContainerItemProxy;
			containerPortal = 57F3B34B2BC2EA96005D3935 /* Project object */;
			proxyType = 1;
			remoteGlobalIDString = 57F3B3522BC2EA96005D3935;
			remoteInfo = Weather;
		};
		57F3B3742BC2EA9E005D3935 /* PBXContainerItemProxy */ = {
			isa = PBXContainerItemProxy;
			containerPortal = 57F3B34B2BC2EA96005D3935 /* Project object */;
			proxyType = 1;
			remoteGlobalIDString = 57F3B3522BC2EA96005D3935;
			remoteInfo = Weather;
		};
/* End PBXContainerItemProxy section */

/* Begin PBXFileReference section */
		577923F52BC68ADB0046F6D4 /* LocationSearchTableViewController.swift */ = {isa = PBXFileReference; lastKnownFileType = sourcecode.swift; path = LocationSearchTableViewController.swift; sourceTree = "<group>"; };
		577923F92BC68C620046F6D4 /* City.swift */ = {isa = PBXFileReference; lastKnownFileType = sourcecode.swift; path = City.swift; sourceTree = "<group>"; };
		57CD0D372BC868D600062082 /* city_interactive.json */ = {isa = PBXFileReference; fileEncoding = 4; lastKnownFileType = text.json; path = city_interactive.json; sourceTree = "<group>"; };
		57F3B3532BC2EA96005D3935 /* Weather.app */ = {isa = PBXFileReference; explicitFileType = wrapper.application; includeInIndex = 0; path = Weather.app; sourceTree = BUILT_PRODUCTS_DIR; };
		57F3B3562BC2EA96005D3935 /* AppDelegate.swift */ = {isa = PBXFileReference; lastKnownFileType = sourcecode.swift; path = AppDelegate.swift; sourceTree = "<group>"; };
		57F3B3582BC2EA96005D3935 /* SceneDelegate.swift */ = {isa = PBXFileReference; lastKnownFileType = sourcecode.swift; path = SceneDelegate.swift; sourceTree = "<group>"; };
		57F3B35A2BC2EA96005D3935 /* WeatherViewController.swift */ = {isa = PBXFileReference; lastKnownFileType = sourcecode.swift; path = WeatherViewController.swift; sourceTree = "<group>"; };
		57F3B35D2BC2EA96005D3935 /* Base */ = {isa = PBXFileReference; lastKnownFileType = file.storyboard; name = Base; path = Base.lproj/Main.storyboard; sourceTree = "<group>"; };
		57F3B35F2BC2EA9D005D3935 /* Assets.xcassets */ = {isa = PBXFileReference; lastKnownFileType = folder.assetcatalog; path = Assets.xcassets; sourceTree = "<group>"; };
		57F3B3622BC2EA9D005D3935 /* Base */ = {isa = PBXFileReference; lastKnownFileType = file.storyboard; name = Base; path = Base.lproj/LaunchScreen.storyboard; sourceTree = "<group>"; };
		57F3B3642BC2EA9D005D3935 /* Info.plist */ = {isa = PBXFileReference; lastKnownFileType = text.plist.xml; path = Info.plist; sourceTree = "<group>"; };
		57F3B3692BC2EA9E005D3935 /* WeatherTests.xctest */ = {isa = PBXFileReference; explicitFileType = wrapper.cfbundle; includeInIndex = 0; path = WeatherTests.xctest; sourceTree = BUILT_PRODUCTS_DIR; };
		57F3B36D2BC2EA9E005D3935 /* WeatherTests.swift */ = {isa = PBXFileReference; lastKnownFileType = sourcecode.swift; path = WeatherTests.swift; sourceTree = "<group>"; };
		57F3B3732BC2EA9E005D3935 /* WeatherUITests.xctest */ = {isa = PBXFileReference; explicitFileType = wrapper.cfbundle; includeInIndex = 0; path = WeatherUITests.xctest; sourceTree = BUILT_PRODUCTS_DIR; };
		57F3B3772BC2EA9E005D3935 /* WeatherUITests.swift */ = {isa = PBXFileReference; lastKnownFileType = sourcecode.swift; path = WeatherUITests.swift; sourceTree = "<group>"; };
		57F3B3792BC2EA9E005D3935 /* WeatherUITestsLaunchTests.swift */ = {isa = PBXFileReference; lastKnownFileType = sourcecode.swift; path = WeatherUITestsLaunchTests.swift; sourceTree = "<group>"; };
		57F3B3862BC2FC9A005D3935 /* WeatherData.swift */ = {isa = PBXFileReference; lastKnownFileType = sourcecode.swift; path = WeatherData.swift; sourceTree = "<group>"; };
		57F5EE8D2BC6B3850022EC3D /* FavLocationsTableViewController.swift */ = {isa = PBXFileReference; lastKnownFileType = sourcecode.swift; path = FavLocationsTableViewController.swift; sourceTree = "<group>"; };
/* End PBXFileReference section */

/* Begin PBXFrameworksBuildPhase section */
		57F3B3502BC2EA96005D3935 /* Frameworks */ = {
			isa = PBXFrameworksBuildPhase;
			buildActionMask = 2147483647;
			files = (
			);
			runOnlyForDeploymentPostprocessing = 0;
		};
		57F3B3662BC2EA9E005D3935 /* Frameworks */ = {
			isa = PBXFrameworksBuildPhase;
			buildActionMask = 2147483647;
			files = (
			);
			runOnlyForDeploymentPostprocessing = 0;
		};
		57F3B3702BC2EA9E005D3935 /* Frameworks */ = {
			isa = PBXFrameworksBuildPhase;
			buildActionMask = 2147483647;
			files = (
			);
			runOnlyForDeploymentPostprocessing = 0;
		};
/* End PBXFrameworksBuildPhase section */

/* Begin PBXGroup section */
		57F3B34A2BC2EA96005D3935 = {
			isa = PBXGroup;
			children = (
				57F3B3552BC2EA96005D3935 /* Weather */,
				57F3B36C2BC2EA9E005D3935 /* WeatherTests */,
				57F3B3762BC2EA9E005D3935 /* WeatherUITests */,
				57F3B3542BC2EA96005D3935 /* Products */,
			);
			sourceTree = "<group>";
		};
		57F3B3542BC2EA96005D3935 /* Products */ = {
			isa = PBXGroup;
			children = (
				57F3B3532BC2EA96005D3935 /* Weather.app */,
				57F3B3692BC2EA9E005D3935 /* WeatherTests.xctest */,
				57F3B3732BC2EA9E005D3935 /* WeatherUITests.xctest */,
			);
			name = Products;
			sourceTree = "<group>";
		};
		57F3B3552BC2EA96005D3935 /* Weather */ = {
			isa = PBXGroup;
			children = (
				57CD0D372BC868D600062082 /* city_interactive.json */,
				57F3B3562BC2EA96005D3935 /* AppDelegate.swift */,
				57F3B3582BC2EA96005D3935 /* SceneDelegate.swift */,
				57F3B35A2BC2EA96005D3935 /* WeatherViewController.swift */,
				57F3B35C2BC2EA96005D3935 /* Main.storyboard */,
				57F3B35F2BC2EA9D005D3935 /* Assets.xcassets */,
				57F3B3612BC2EA9D005D3935 /* LaunchScreen.storyboard */,
				57F3B3642BC2EA9D005D3935 /* Info.plist */,
				57F3B3862BC2FC9A005D3935 /* WeatherData.swift */,
				577923F52BC68ADB0046F6D4 /* LocationSearchTableViewController.swift */,
				577923F92BC68C620046F6D4 /* City.swift */,
				57F5EE8D2BC6B3850022EC3D /* FavLocationsTableViewController.swift */,
			);
			path = Weather;
			sourceTree = "<group>";
		};
		57F3B36C2BC2EA9E005D3935 /* WeatherTests */ = {
			isa = PBXGroup;
			children = (
				57F3B36D2BC2EA9E005D3935 /* WeatherTests.swift */,
			);
			path = WeatherTests;
			sourceTree = "<group>";
		};
		57F3B3762BC2EA9E005D3935 /* WeatherUITests */ = {
			isa = PBXGroup;
			children = (
				57F3B3772BC2EA9E005D3935 /* WeatherUITests.swift */,
				57F3B3792BC2EA9E005D3935 /* WeatherUITestsLaunchTests.swift */,
			);
			path = WeatherUITests;
			sourceTree = "<group>";
		};
/* End PBXGroup section */

/* Begin PBXNativeTarget section */
		57F3B3522BC2EA96005D3935 /* Weather */ = {
			isa = PBXNativeTarget;
			buildConfigurationList = 57F3B37D2BC2EA9E005D3935 /* Build configuration list for PBXNativeTarget "Weather" */;
			buildPhases = (
				57F3B34F2BC2EA96005D3935 /* Sources */,
				57F3B3502BC2EA96005D3935 /* Frameworks */,
				57F3B3512BC2EA96005D3935 /* Resources */,
			);
			buildRules = (
			);
			dependencies = (
			);
			name = Weather;
			productName = Weather;
			productReference = 57F3B3532BC2EA96005D3935 /* Weather.app */;
			productType = "com.apple.product-type.application";
		};
		57F3B3682BC2EA9E005D3935 /* WeatherTests */ = {
			isa = PBXNativeTarget;
			buildConfigurationList = 57F3B3802BC2EA9E005D3935 /* Build configuration list for PBXNativeTarget "WeatherTests" */;
			buildPhases = (
				57F3B3652BC2EA9E005D3935 /* Sources */,
				57F3B3662BC2EA9E005D3935 /* Frameworks */,
				57F3B3672BC2EA9E005D3935 /* Resources */,
			);
			buildRules = (
			);
			dependencies = (
				57F3B36B2BC2EA9E005D3935 /* PBXTargetDependency */,
			);
			name = WeatherTests;
			productName = WeatherTests;
			productReference = 57F3B3692BC2EA9E005D3935 /* WeatherTests.xctest */;
			productType = "com.apple.product-type.bundle.unit-test";
		};
		57F3B3722BC2EA9E005D3935 /* WeatherUITests */ = {
			isa = PBXNativeTarget;
			buildConfigurationList = 57F3B3832BC2EA9E005D3935 /* Build configuration list for PBXNativeTarget "WeatherUITests" */;
			buildPhases = (
				57F3B36F2BC2EA9E005D3935 /* Sources */,
				57F3B3702BC2EA9E005D3935 /* Frameworks */,
				57F3B3712BC2EA9E005D3935 /* Resources */,
			);
			buildRules = (
			);
			dependencies = (
				57F3B3752BC2EA9E005D3935 /* PBXTargetDependency */,
			);
			name = WeatherUITests;
			productName = WeatherUITests;
			productReference = 57F3B3732BC2EA9E005D3935 /* WeatherUITests.xctest */;
			productType = "com.apple.product-type.bundle.ui-testing";
		};
/* End PBXNativeTarget section */

/* Begin PBXProject section */
		57F3B34B2BC2EA96005D3935 /* Project object */ = {
			isa = PBXProject;
			attributes = {
				BuildIndependentTargetsInParallel = 1;
				LastSwiftUpdateCheck = 1520;
				LastUpgradeCheck = 1520;
				TargetAttributes = {
					57F3B3522BC2EA96005D3935 = {
						CreatedOnToolsVersion = 15.2;
					};
					57F3B3682BC2EA9E005D3935 = {
						CreatedOnToolsVersion = 15.2;
						TestTargetID = 57F3B3522BC2EA96005D3935;
					};
					57F3B3722BC2EA9E005D3935 = {
						CreatedOnToolsVersion = 15.2;
						TestTargetID = 57F3B3522BC2EA96005D3935;
					};
				};
			};
			buildConfigurationList = 57F3B34E2BC2EA96005D3935 /* Build configuration list for PBXProject "Weather" */;
			compatibilityVersion = "Xcode 14.0";
			developmentRegion = en;
			hasScannedForEncodings = 0;
			knownRegions = (
				en,
				Base,
			);
			mainGroup = 57F3B34A2BC2EA96005D3935;
			productRefGroup = 57F3B3542BC2EA96005D3935 /* Products */;
			projectDirPath = "";
			projectRoot = "";
			targets = (
				57F3B3522BC2EA96005D3935 /* Weather */,
				57F3B3682BC2EA9E005D3935 /* WeatherTests */,
				57F3B3722BC2EA9E005D3935 /* WeatherUITests */,
			);
		};
/* End PBXProject section */

/* Begin PBXResourcesBuildPhase section */
		57F3B3512BC2EA96005D3935 /* Resources */ = {
			isa = PBXResourcesBuildPhase;
			buildActionMask = 2147483647;
			files = (
				57F3B3632BC2EA9D005D3935 /* LaunchScreen.storyboard in Resources */,
				57F3B3602BC2EA9D005D3935 /* Assets.xcassets in Resources */,
				57F3B35E2BC2EA96005D3935 /* Main.storyboard in Resources */,
				57CD0D382BC868D600062082 /* city_interactive.json in Resources */,
			);
			runOnlyForDeploymentPostprocessing = 0;
		};
		57F3B3672BC2EA9E005D3935 /* Resources */ = {
			isa = PBXResourcesBuildPhase;
			buildActionMask = 2147483647;
			files = (
			);
			runOnlyForDeploymentPostprocessing = 0;
		};
		57F3B3712BC2EA9E005D3935 /* Resources */ = {
			isa = PBXResourcesBuildPhase;
			buildActionMask = 2147483647;
			files = (
			);
			runOnlyForDeploymentPostprocessing = 0;
		};
/* End PBXResourcesBuildPhase section */

/* Begin PBXSourcesBuildPhase section */
		57F3B34F2BC2EA96005D3935 /* Sources */ = {
			isa = PBXSourcesBuildPhase;
			buildActionMask = 2147483647;
			files = (
				57F3B35B2BC2EA96005D3935 /* WeatherViewController.swift in Sources */,
				57F5EE8E2BC6B3850022EC3D /* FavLocationsTableViewController.swift in Sources */,
				57F3B3572BC2EA96005D3935 /* AppDelegate.swift in Sources */,
				577923FA2BC68C620046F6D4 /* City.swift in Sources */,
				577923F62BC68ADB0046F6D4 /* LocationSearchTableViewController.swift in Sources */,
				57F3B3872BC2FC9B005D3935 /* WeatherData.swift in Sources */,
				57F3B3592BC2EA96005D3935 /* SceneDelegate.swift in Sources */,
			);
			runOnlyForDeploymentPostprocessing = 0;
		};
		57F3B3652BC2EA9E005D3935 /* Sources */ = {
			isa = PBXSourcesBuildPhase;
			buildActionMask = 2147483647;
			files = (
				57F3B36E2BC2EA9E005D3935 /* WeatherTests.swift in Sources */,
			);
			runOnlyForDeploymentPostprocessing = 0;
		};
		57F3B36F2BC2EA9E005D3935 /* Sources */ = {
			isa = PBXSourcesBuildPhase;
			buildActionMask = 2147483647;
			files = (
				57F3B3782BC2EA9E005D3935 /* WeatherUITests.swift in Sources */,
				57F3B37A2BC2EA9E005D3935 /* WeatherUITestsLaunchTests.swift in Sources */,
			);
			runOnlyForDeploymentPostprocessing = 0;
		};
/* End PBXSourcesBuildPhase section */

/* Begin PBXTargetDependency section */
		57F3B36B2BC2EA9E005D3935 /* PBXTargetDependency */ = {
			isa = PBXTargetDependency;
			target = 57F3B3522BC2EA96005D3935 /* Weather */;
			targetProxy = 57F3B36A2BC2EA9E005D3935 /* PBXContainerItemProxy */;
		};
		57F3B3752BC2EA9E005D3935 /* PBXTargetDependency */ = {
			isa = PBXTargetDependency;
			target = 57F3B3522BC2EA96005D3935 /* Weather */;
			targetProxy = 57F3B3742BC2EA9E005D3935 /* PBXContainerItemProxy */;
		};
/* End PBXTargetDependency section */

/* Begin PBXVariantGroup section */
		57F3B35C2BC2EA96005D3935 /* Main.storyboard */ = {
			isa = PBXVariantGroup;
			children = (
				57F3B35D2BC2EA96005D3935 /* Base */,
			);
			name = Main.storyboard;
			sourceTree = "<group>";
		};
		57F3B3612BC2EA9D005D3935 /* LaunchScreen.storyboard */ = {
			isa = PBXVariantGroup;
			children = (
				57F3B3622BC2EA9D005D3935 /* Base */,
			);
			name = LaunchScreen.storyboard;
			sourceTree = "<group>";
		};
/* End PBXVariantGroup section */

/* Begin XCBuildConfiguration section */
		57F3B37B2BC2EA9E005D3935 /* Debug */ = {
			isa = XCBuildConfiguration;
			buildSettings = {
				ALWAYS_SEARCH_USER_PATHS = NO;
				ASSETCATALOG_COMPILER_GENERATE_SWIFT_ASSET_SYMBOL_EXTENSIONS = YES;
				CLANG_ANALYZER_NONNULL = YES;
				CLANG_ANALYZER_NUMBER_OBJECT_CONVERSION = YES_AGGRESSIVE;
				CLANG_CXX_LANGUAGE_STANDARD = "gnu++20";
				CLANG_ENABLE_MODULES = YES;
				CLANG_ENABLE_OBJC_ARC = YES;
				CLANG_ENABLE_OBJC_WEAK = YES;
				CLANG_WARN_BLOCK_CAPTURE_AUTORELEASING = YES;
				CLANG_WARN_BOOL_CONVERSION = YES;
				CLANG_WARN_COMMA = YES;
				CLANG_WARN_CONSTANT_CONVERSION = YES;
				CLANG_WARN_DEPRECATED_OBJC_IMPLEMENTATIONS = YES;
				CLANG_WARN_DIRECT_OBJC_ISA_USAGE = YES_ERROR;
				CLANG_WARN_DOCUMENTATION_COMMENTS = YES;
				CLANG_WARN_EMPTY_BODY = YES;
				CLANG_WARN_ENUM_CONVERSION = YES;
				CLANG_WARN_INFINITE_RECURSION = YES;
				CLANG_WARN_INT_CONVERSION = YES;
				CLANG_WARN_NON_LITERAL_NULL_CONVERSION = YES;
				CLANG_WARN_OBJC_IMPLICIT_RETAIN_SELF = YES;
				CLANG_WARN_OBJC_LITERAL_CONVERSION = YES;
				CLANG_WARN_OBJC_ROOT_CLASS = YES_ERROR;
				CLANG_WARN_QUOTED_INCLUDE_IN_FRAMEWORK_HEADER = YES;
				CLANG_WARN_RANGE_LOOP_ANALYSIS = YES;
				CLANG_WARN_STRICT_PROTOTYPES = YES;
				CLANG_WARN_SUSPICIOUS_MOVE = YES;
				CLANG_WARN_UNGUARDED_AVAILABILITY = YES_AGGRESSIVE;
				CLANG_WARN_UNREACHABLE_CODE = YES;
				CLANG_WARN__DUPLICATE_METHOD_MATCH = YES;
				COPY_PHASE_STRIP = NO;
				DEBUG_INFORMATION_FORMAT = dwarf;
				ENABLE_STRICT_OBJC_MSGSEND = YES;
				ENABLE_TESTABILITY = YES;
				ENABLE_USER_SCRIPT_SANDBOXING = YES;
				GCC_C_LANGUAGE_STANDARD = gnu17;
				GCC_DYNAMIC_NO_PIC = NO;
				GCC_NO_COMMON_BLOCKS = YES;
				GCC_OPTIMIZATION_LEVEL = 0;
				GCC_PREPROCESSOR_DEFINITIONS = (
					"DEBUG=1",
					"$(inherited)",
				);
				GCC_WARN_64_TO_32_BIT_CONVERSION = YES;
				GCC_WARN_ABOUT_RETURN_TYPE = YES_ERROR;
				GCC_WARN_UNDECLARED_SELECTOR = YES;
				GCC_WARN_UNINITIALIZED_AUTOS = YES_AGGRESSIVE;
				GCC_WARN_UNUSED_FUNCTION = YES;
				GCC_WARN_UNUSED_VARIABLE = YES;
				IPHONEOS_DEPLOYMENT_TARGET = 17.2;
				LOCALIZATION_PREFERS_STRING_CATALOGS = YES;
				MTL_ENABLE_DEBUG_INFO = INCLUDE_SOURCE;
				MTL_FAST_MATH = YES;
				ONLY_ACTIVE_ARCH = YES;
				SDKROOT = iphoneos;
				SWIFT_ACTIVE_COMPILATION_CONDITIONS = "DEBUG $(inherited)";
				SWIFT_OPTIMIZATION_LEVEL = "-Onone";
			};
			name = Debug;
		};
		57F3B37C2BC2EA9E005D3935 /* Release */ = {
			isa = XCBuildConfiguration;
			buildSettings = {
				ALWAYS_SEARCH_USER_PATHS = NO;
				ASSETCATALOG_COMPILER_GENERATE_SWIFT_ASSET_SYMBOL_EXTENSIONS = YES;
				CLANG_ANALYZER_NONNULL = YES;
				CLANG_ANALYZER_NUMBER_OBJECT_CONVERSION = YES_AGGRESSIVE;
				CLANG_CXX_LANGUAGE_STANDARD = "gnu++20";
				CLANG_ENABLE_MODULES = YES;
				CLANG_ENABLE_OBJC_ARC = YES;
				CLANG_ENABLE_OBJC_WEAK = YES;
				CLANG_WARN_BLOCK_CAPTURE_AUTORELEASING = YES;
				CLANG_WARN_BOOL_CONVERSION = YES;
				CLANG_WARN_COMMA = YES;
				CLANG_WARN_CONSTANT_CONVERSION = YES;
				CLANG_WARN_DEPRECATED_OBJC_IMPLEMENTATIONS = YES;
				CLANG_WARN_DIRECT_OBJC_ISA_USAGE = YES_ERROR;
				CLANG_WARN_DOCUMENTATION_COMMENTS = YES;
				CLANG_WARN_EMPTY_BODY = YES;
				CLANG_WARN_ENUM_CONVERSION = YES;
				CLANG_WARN_INFINITE_RECURSION = YES;
				CLANG_WARN_INT_CONVERSION = YES;
				CLANG_WARN_NON_LITERAL_NULL_CONVERSION = YES;
				CLANG_WARN_OBJC_IMPLICIT_RETAIN_SELF = YES;
				CLANG_WARN_OBJC_LITERAL_CONVERSION = YES;
				CLANG_WARN_OBJC_ROOT_CLASS = YES_ERROR;
				CLANG_WARN_QUOTED_INCLUDE_IN_FRAMEWORK_HEADER = YES;
				CLANG_WARN_RANGE_LOOP_ANALYSIS = YES;
				CLANG_WARN_STRICT_PROTOTYPES = YES;
				CLANG_WARN_SUSPICIOUS_MOVE = YES;
				CLANG_WARN_UNGUARDED_AVAILABILITY = YES_AGGRESSIVE;
				CLANG_WARN_UNREACHABLE_CODE = YES;
				CLANG_WARN__DUPLICATE_METHOD_MATCH = YES;
				COPY_PHASE_STRIP = NO;
				DEBUG_INFORMATION_FORMAT = "dwarf-with-dsym";
				ENABLE_NS_ASSERTIONS = NO;
				ENABLE_STRICT_OBJC_MSGSEND = YES;
				ENABLE_USER_SCRIPT_SANDBOXING = YES;
				GCC_C_LANGUAGE_STANDARD = gnu17;
				GCC_NO_COMMON_BLOCKS = YES;
				GCC_WARN_64_TO_32_BIT_CONVERSION = YES;
				GCC_WARN_ABOUT_RETURN_TYPE = YES_ERROR;
				GCC_WARN_UNDECLARED_SELECTOR = YES;
				GCC_WARN_UNINITIALIZED_AUTOS = YES_AGGRESSIVE;
				GCC_WARN_UNUSED_FUNCTION = YES;
				GCC_WARN_UNUSED_VARIABLE = YES;
				IPHONEOS_DEPLOYMENT_TARGET = 17.2;
				LOCALIZATION_PREFERS_STRING_CATALOGS = YES;
				MTL_ENABLE_DEBUG_INFO = NO;
				MTL_FAST_MATH = YES;
				SDKROOT = iphoneos;
				SWIFT_COMPILATION_MODE = wholemodule;
				VALIDATE_PRODUCT = YES;
			};
			name = Release;
		};
		57F3B37E2BC2EA9E005D3935 /* Debug */ = {
			isa = XCBuildConfiguration;
			buildSettings = {
				ASSETCATALOG_COMPILER_APPICON_NAME = AppIcon;
				ASSETCATALOG_COMPILER_GLOBAL_ACCENT_COLOR_NAME = AccentColor;
				CODE_SIGN_STYLE = Automatic;
				CURRENT_PROJECT_VERSION = 1;
				DEVELOPMENT_TEAM = 2W7NJYWQ8U;
				GENERATE_INFOPLIST_FILE = YES;
				INFOPLIST_FILE = Weather/Info.plist;
				INFOPLIST_KEY_UIApplicationSupportsIndirectInputEvents = YES;
				INFOPLIST_KEY_UILaunchStoryboardName = LaunchScreen;
				INFOPLIST_KEY_UIMainStoryboardFile = Main;
				INFOPLIST_KEY_UISupportedInterfaceOrientations_iPad = "UIInterfaceOrientationPortrait UIInterfaceOrientationPortraitUpsideDown UIInterfaceOrientationLandscapeLeft UIInterfaceOrientationLandscapeRight";
				INFOPLIST_KEY_UISupportedInterfaceOrientations_iPhone = "UIInterfaceOrientationPortrait UIInterfaceOrientationLandscapeLeft UIInterfaceOrientationLandscapeRight";
				LD_RUNPATH_SEARCH_PATHS = (
					"$(inherited)",
					"@executable_path/Frameworks",
				);
				MARKETING_VERSION = 1.0;
				PRODUCT_BUNDLE_IDENTIFIER = hippietop.Weather;
				PRODUCT_NAME = "$(TARGET_NAME)";
				SUPPORTED_PLATFORMS = "iphoneos iphonesimulator";
				SUPPORTS_MACCATALYST = NO;
				SUPPORTS_XR_DESIGNED_FOR_IPHONE_IPAD = NO;
				SWIFT_EMIT_LOC_STRINGS = YES;
				SWIFT_VERSION = 5.0;
				TARGETED_DEVICE_FAMILY = "1,2";
			};
			name = Debug;
		};
		57F3B37F2BC2EA9E005D3935 /* Release */ = {
			isa = XCBuildConfiguration;
			buildSettings = {
				ASSETCATALOG_COMPILER_APPICON_NAME = AppIcon;
				ASSETCATALOG_COMPILER_GLOBAL_ACCENT_COLOR_NAME = AccentColor;
				CODE_SIGN_STYLE = Automatic;
				CURRENT_PROJECT_VERSION = 1;
				DEVELOPMENT_TEAM = 2W7NJYWQ8U;
				GENERATE_INFOPLIST_FILE = YES;
				INFOPLIST_FILE = Weather/Info.plist;
				INFOPLIST_KEY_UIApplicationSupportsIndirectInputEvents = YES;
				INFOPLIST_KEY_UILaunchStoryboardName = LaunchScreen;
				INFOPLIST_KEY_UIMainStoryboardFile = Main;
				INFOPLIST_KEY_UISupportedInterfaceOrientations_iPad = "UIInterfaceOrientationPortrait UIInterfaceOrientationPortraitUpsideDown UIInterfaceOrientationLandscapeLeft UIInterfaceOrientationLandscapeRight";
				INFOPLIST_KEY_UISupportedInterfaceOrientations_iPhone = "UIInterfaceOrientationPortrait UIInterfaceOrientationLandscapeLeft UIInterfaceOrientationLandscapeRight";
				LD_RUNPATH_SEARCH_PATHS = (
					"$(inherited)",
					"@executable_path/Frameworks",
				);
				MARKETING_VERSION = 1.0;
				PRODUCT_BUNDLE_IDENTIFIER = hippietop.Weather;
				PRODUCT_NAME = "$(TARGET_NAME)";
				SUPPORTED_PLATFORMS = "iphoneos iphonesimulator";
				SUPPORTS_MACCATALYST = NO;
				SUPPORTS_XR_DESIGNED_FOR_IPHONE_IPAD = NO;
				SWIFT_EMIT_LOC_STRINGS = YES;
				SWIFT_VERSION = 5.0;
				TARGETED_DEVICE_FAMILY = "1,2";
			};
			name = Release;
		};
		57F3B3812BC2EA9E005D3935 /* Debug */ = {
			isa = XCBuildConfiguration;
			buildSettings = {
				ALWAYS_EMBED_SWIFT_STANDARD_LIBRARIES = YES;
				BUNDLE_LOADER = "$(TEST_HOST)";
				CODE_SIGN_STYLE = Automatic;
				CURRENT_PROJECT_VERSION = 1;
				DEVELOPMENT_TEAM = 2W7NJYWQ8U;
				GENERATE_INFOPLIST_FILE = YES;
				IPHONEOS_DEPLOYMENT_TARGET = 17.2;
				MARKETING_VERSION = 1.0;
				PRODUCT_BUNDLE_IDENTIFIER = hippietop.WeatherTests;
				PRODUCT_NAME = "$(TARGET_NAME)";
				SWIFT_EMIT_LOC_STRINGS = NO;
				SWIFT_VERSION = 5.0;
				TARGETED_DEVICE_FAMILY = "1,2";
				TEST_HOST = "$(BUILT_PRODUCTS_DIR)/Weather.app/$(BUNDLE_EXECUTABLE_FOLDER_PATH)/Weather";
			};
			name = Debug;
		};
		57F3B3822BC2EA9E005D3935 /* Release */ = {
			isa = XCBuildConfiguration;
			buildSettings = {
				ALWAYS_EMBED_SWIFT_STANDARD_LIBRARIES = YES;
				BUNDLE_LOADER = "$(TEST_HOST)";
				CODE_SIGN_STYLE = Automatic;
				CURRENT_PROJECT_VERSION = 1;
				DEVELOPMENT_TEAM = 2W7NJYWQ8U;
				GENERATE_INFOPLIST_FILE = YES;
				IPHONEOS_DEPLOYMENT_TARGET = 17.2;
				MARKETING_VERSION = 1.0;
				PRODUCT_BUNDLE_IDENTIFIER = hippietop.WeatherTests;
				PRODUCT_NAME = "$(TARGET_NAME)";
				SWIFT_EMIT_LOC_STRINGS = NO;
				SWIFT_VERSION = 5.0;
				TARGETED_DEVICE_FAMILY = "1,2";
				TEST_HOST = "$(BUILT_PRODUCTS_DIR)/Weather.app/$(BUNDLE_EXECUTABLE_FOLDER_PATH)/Weather";
			};
			name = Release;
		};
		57F3B3842BC2EA9E005D3935 /* Debug */ = {
			isa = XCBuildConfiguration;
			buildSettings = {
				ALWAYS_EMBED_SWIFT_STANDARD_LIBRARIES = YES;
				CODE_SIGN_STYLE = Automatic;
				CURRENT_PROJECT_VERSION = 1;
				DEVELOPMENT_TEAM = 2W7NJYWQ8U;
				GENERATE_INFOPLIST_FILE = YES;
				MARKETING_VERSION = 1.0;
				PRODUCT_BUNDLE_IDENTIFIER = hippietop.WeatherUITests;
				PRODUCT_NAME = "$(TARGET_NAME)";
				SWIFT_EMIT_LOC_STRINGS = NO;
				SWIFT_VERSION = 5.0;
				TARGETED_DEVICE_FAMILY = "1,2";
				TEST_TARGET_NAME = Weather;
			};
			name = Debug;
		};
		57F3B3852BC2EA9E005D3935 /* Release */ = {
			isa = XCBuildConfiguration;
			buildSettings = {
				ALWAYS_EMBED_SWIFT_STANDARD_LIBRARIES = YES;
				CODE_SIGN_STYLE = Automatic;
				CURRENT_PROJECT_VERSION = 1;
				DEVELOPMENT_TEAM = 2W7NJYWQ8U;
				GENERATE_INFOPLIST_FILE = YES;
				MARKETING_VERSION = 1.0;
				PRODUCT_BUNDLE_IDENTIFIER = hippietop.WeatherUITests;
				PRODUCT_NAME = "$(TARGET_NAME)";
				SWIFT_EMIT_LOC_STRINGS = NO;
				SWIFT_VERSION = 5.0;
				TARGETED_DEVICE_FAMILY = "1,2";
				TEST_TARGET_NAME = Weather;
			};
			name = Release;
		};
/* End XCBuildConfiguration section */

/* Begin XCConfigurationList section */
		57F3B34E2BC2EA96005D3935 /* Build configuration list for PBXProject "Weather" */ = {
			isa = XCConfigurationList;
			buildConfigurations = (
				57F3B37B2BC2EA9E005D3935 /* Debug */,
				57F3B37C2BC2EA9E005D3935 /* Release */,
			);
			defaultConfigurationIsVisible = 0;
			defaultConfigurationName = Release;
		};
		57F3B37D2BC2EA9E005D3935 /* Build configuration list for PBXNativeTarget "Weather" */ = {
			isa = XCConfigurationList;
			buildConfigurations = (
				57F3B37E2BC2EA9E005D3935 /* Debug */,
				57F3B37F2BC2EA9E005D3935 /* Release */,
			);
			defaultConfigurationIsVisible = 0;
			defaultConfigurationName = Release;
		};
		57F3B3802BC2EA9E005D3935 /* Build configuration list for PBXNativeTarget "WeatherTests" */ = {
			isa = XCConfigurationList;
			buildConfigurations = (
				57F3B3812BC2EA9E005D3935 /* Debug */,
				57F3B3822BC2EA9E005D3935 /* Release */,
			);
			defaultConfigurationIsVisible = 0;
			defaultConfigurationName = Release;
		};
		57F3B3832BC2EA9E005D3935 /* Build configuration list for PBXNativeTarget "WeatherUITests" */ = {
			isa = XCConfigurationList;
			buildConfigurations = (
				57F3B3842BC2EA9E005D3935 /* Debug */,
				57F3B3852BC2EA9E005D3935 /* Release */,
			);
			defaultConfigurationIsVisible = 0;
			defaultConfigurationName = Release;
		};
/* End XCConfigurationList section */
	};
	rootObject = 57F3B34B2BC2EA96005D3935 /* Project object */;
}
